{
  "name": "processor",
  "version": "1.0.0",
  "lockfileVersion": 1,
  "requires": true,
  "dependencies": {
    "@types/node": {
      "version": "10.14.19",
      "resolved": "https://registry.npmjs.org/@types/node/-/node-10.14.19.tgz",
      "integrity": "sha512-j6Sqt38ssdMKutXBUuAcmWF8QtHW1Fwz/mz4Y+Wd9mzpBiVFirjpNQf363hG5itkG+yGaD+oiLyb50HxJ36l9Q==",
      "dev": true
    },
    "typescript": {
      "version": "3.7.0-dev.20191002",
      "resolved": "https://registry.npmjs.org/typescript/-/typescript-3.7.0-dev.20191002.tgz",
      "integrity": "sha512-zMLQ8xx56UeTY0qge0EyPL9drdJMgArcbNVhDjrcnU3KAio+0xQyYRwnjC270xx7i94eM2fIdk+nqNj1u5w/Zg=="
    }
  }
}
